
Microsoft Visual Studio Solution File, Format Version 12.00
# Visual Studio Version 17
VisualStudioVersion = 17.13.35825.156 d17.13
MinimumVisualStudioVersion = 10.0.40219.1
Project("{8BC9CEB8-8B4A-11D0-8D11-00A0C91BC942}") = "ConsoleApplicationYarovyiRostyk.User.30.06", "ConsoleApplicationYarovyiRostyk.User.30.06\ConsoleApplicationYarovyiRostyk.User.30.06.vcxproj", "{957DCCFA-45CA-4D82-84ED-675EE676B803}"
EndProject
Global
	GlobalSection(SolutionConfigurationPlatforms) = preSolution
		Debug|x64 = Debug|x64
		Debug|x86 = Debug|x86
		Release|x64 = Release|x64
		Release|x86 = Release|x86
	EndGlobalSection
	GlobalSection(ProjectConfigurationPlatforms) = postSolution
		{957DCCFA-45CA-4D82-84ED-675EE676B803}.Debug|x64.ActiveCfg = Debug|x64
		{957DCCFA-45CA-4D82-84ED-675EE676B803}.Debug|x64.Build.0 = Debug|x64
		{957DCCFA-45CA-4D82-84ED-675EE676B803}.Debug|x86.ActiveCfg = Debug|Win32
		{957DCCFA-45CA-4D82-84ED-675EE676B803}.Debug|x86.Build.0 = Debug|Win32
		{957DCCFA-45CA-4D82-84ED-675EE676B803}.Release|x64.ActiveCfg = Release|x64
		{957DCCFA-45CA-4D82-84ED-675EE676B803}.Release|x64.Build.0 = Release|x64
		{957DCCFA-45CA-4D82-84ED-675EE676B803}.Release|x86.ActiveCfg = Release|Win32
		{957DCCFA-45CA-4D82-84ED-675EE676B803}.Release|x86.Build.0 = Release|Win32
	EndGlobalSection
	GlobalSection(SolutionProperties) = preSolution
		HideSolutionNode = FALSE
	EndGlobalSection
	GlobalSection(ExtensibilityGlobals) = postSolution
		SolutionGuid = {32B7C784-2CEF-4599-B52B-23CA19B84A38}
	EndGlobalSection
EndGlobal
